
Microsoft Visual Studio Solution File, Format Version 12.00
# Visual Studio 14
VisualStudioVersion = 14.0.23107.0
MinimumVisualStudioVersion = 10.0.40219.1
Project("{FAE04EC0-301F-11D3-BF4B-00C04F79EFBC}") = "HelloWorld", "HelloWorld\HelloWorld.csproj", "{9C1E5A9F-83DC-4638-B4FE-3DA7FD62CC0C}"
EndProject
Project("{FAE04EC0-301F-11D3-BF4B-00C04F79EFBC}") = "HelloWorldTests", "HelloWorldTests\HelloWorldTests.csproj", "{7BD76E14-E366-4973-B34A-BDB47D16F3A9}"
EndProject
Project("{FAE04EC0-301F-11D3-BF4B-00C04F79EFBC}") = "HelloWorldTestsXamarin", "HelloWorldTestsXamarin\HelloWorldTestsXamarin.csproj", "{FED3233F-DCC8-4837-8F1C-23E4EC2360CD}"
EndProject
Global
	GlobalSection(SolutionConfigurationPlatforms) = preSolution
		Debug|Any CPU = Debug|Any CPU
		Release|Any CPU = Release|Any CPU
	EndGlobalSection
	GlobalSection(ProjectConfigurationPlatforms) = postSolution
		{9C1E5A9F-83DC-4638-B4FE-3DA7FD62CC0C}.Debug|Any CPU.ActiveCfg = Debug|Any CPU
		{9C1E5A9F-83DC-4638-B4FE-3DA7FD62CC0C}.Debug|Any CPU.Build.0 = Debug|Any CPU
		{9C1E5A9F-83DC-4638-B4FE-3DA7FD62CC0C}.Debug|Any CPU.Deploy.0 = Debug|Any CPU
		{9C1E5A9F-83DC-4638-B4FE-3DA7FD62CC0C}.Release|Any CPU.ActiveCfg = Release|Any CPU
		{9C1E5A9F-83DC-4638-B4FE-3DA7FD62CC0C}.Release|Any CPU.Build.0 = Release|Any CPU
		{9C1E5A9F-83DC-4638-B4FE-3DA7FD62CC0C}.Release|Any CPU.Deploy.0 = Release|Any CPU
		{7BD76E14-E366-4973-B34A-BDB47D16F3A9}.Debug|Any CPU.ActiveCfg = Debug|Any CPU
		{7BD76E14-E366-4973-B34A-BDB47D16F3A9}.Debug|Any CPU.Build.0 = Debug|Any CPU
		{7BD76E14-E366-4973-B34A-BDB47D16F3A9}.Release|Any CPU.ActiveCfg = Release|Any CPU
		{7BD76E14-E366-4973-B34A-BDB47D16F3A9}.Release|Any CPU.Build.0 = Release|Any CPU
		{FED3233F-DCC8-4837-8F1C-23E4EC2360CD}.Debug|Any CPU.ActiveCfg = Debug|Any CPU
		{FED3233F-DCC8-4837-8F1C-23E4EC2360CD}.Debug|Any CPU.Build.0 = Debug|Any CPU
		{FED3233F-DCC8-4837-8F1C-23E4EC2360CD}.Debug|Any CPU.Deploy.0 = Debug|Any CPU
		{FED3233F-DCC8-4837-8F1C-23E4EC2360CD}.Release|Any CPU.ActiveCfg = Release|Any CPU
		{FED3233F-DCC8-4837-8F1C-23E4EC2360CD}.Release|Any CPU.Build.0 = Release|Any CPU
		{FED3233F-DCC8-4837-8F1C-23E4EC2360CD}.Release|Any CPU.Deploy.0 = Release|Any CPU
	EndGlobalSection
	GlobalSection(SolutionProperties) = preSolution
		HideSolutionNode = FALSE
	EndGlobalSection
EndGlobal
